
Microsoft Visual Studio Solution File, Format Version 12.00
# Visual Studio Version 17
VisualStudioVersion = 17.13.35828.75 d17.13
MinimumVisualStudioVersion = 10.0.40219.1
Project("{FAE04EC0-301F-11D3-BF4B-00C04F79EFBC}") = "WebApplication5", "WebApplication5\WebApplication5.csproj", "{B88D0573-6B8E-4AE9-B717-39D6D62630A4}"
EndProject
Global
	GlobalSection(SolutionConfigurationPlatforms) = preSolution
		Debug|Any CPU = Debug|Any CPU
		Release|Any CPU = Release|Any CPU
	EndGlobalSection
	GlobalSection(ProjectConfigurationPlatforms) = postSolution
		{B88D0573-6B8E-4AE9-B717-39D6D62630A4}.Debug|Any CPU.ActiveCfg = Debug|Any CPU
		{B88D0573-6B8E-4AE9-B717-39D6D62630A4}.Debug|Any CPU.Build.0 = Debug|Any CPU
		{B88D0573-6B8E-4AE9-B717-39D6D62630A4}.Release|Any CPU.ActiveCfg = Release|Any CPU
		{B88D0573-6B8E-4AE9-B717-39D6D62630A4}.Release|Any CPU.Build.0 = Release|Any CPU
	EndGlobalSection
	GlobalSection(SolutionProperties) = preSolution
		HideSolutionNode = FALSE
	EndGlobalSection
	GlobalSection(ExtensibilityGlobals) = postSolution
		SolutionGuid = {2D444968-C1C4-49E0-BAEB-110343D928F2}
	EndGlobalSection
EndGlobal
